// !$*UTF8*$!
{
	archiveVersion = 1;
	classes = {
	};
	objectVersion = 50;
	objects = {

/* Begin PBXBuildFile section */
		D967649820CE2F9C00676AE1 /* AppDelegate.swift in Sources */ = {isa = PBXBuildFile; fileRef = D967649720CE2F9C00676AE1 /* AppDelegate.swift */; };
		D967649A20CE2F9C00676AE1 /* ViewController.swift in Sources */ = {isa = PBXBuildFile; fileRef = D967649920CE2F9C00676AE1 /* ViewController.swift */; };
		D967649D20CE2F9C00676AE1 /* Main.storyboard in Resources */ = {isa = PBXBuildFile; fileRef = D967649B20CE2F9C00676AE1 /* Main.storyboard */; };
		D967649F20CE2F9D00676AE1 /* Assets.xcassets in Resources */ = {isa = PBXBuildFile; fileRef = D967649E20CE2F9D00676AE1 /* Assets.xcassets */; };
		D96764A220CE2F9D00676AE1 /* LaunchScreen.storyboard in Resources */ = {isa = PBXBuildFile; fileRef = D96764A020CE2F9D00676AE1 /* LaunchScreen.storyboard */; };
		D9FC92F020CF21A800DB0CF6 /* Montserrat-Bold.ttf in Resources */ = {isa = PBXBuildFile; fileRef = D9FC92EE20CF21A800DB0CF6 /* Montserrat-Bold.ttf */; };
		D9FC92F120CF21A800DB0CF6 /* Montserrat-Regular.ttf in Resources */ = {isa = PBXBuildFile; fileRef = D9FC92EF20CF21A800DB0CF6 /* Montserrat-Regular.ttf */; };
		D9FC92F320CF406B00DB0CF6 /* Montserrat-SemiBold.ttf in Resources */ = {isa = PBXBuildFile; fileRef = D9FC92F220CF406A00DB0CF6 /* Montserrat-SemiBold.ttf */; };
		D9FC92F520CF444400DB0CF6 /* VarelaRound-Regular.ttf in Resources */ = {isa = PBXBuildFile; fileRef = D9FC92F420CF444400DB0CF6 /* VarelaRound-Regular.ttf */; };
		D9FC92F820CF47C400DB0CF6 /* RoundButton.swift in Sources */ = {isa = PBXBuildFile; fileRef = D9FC92F720CF47C400DB0CF6 /* RoundButton.swift */; };
		D9FC930020CF55E600DB0CF6 /* RoundTextField.swift in Sources */ = {isa = PBXBuildFile; fileRef = D9FC92FF20CF55E600DB0CF6 /* RoundTextField.swift */; };
		D9FC930220CF664E00DB0CF6 /* Montserrat-Medium.ttf in Resources */ = {isa = PBXBuildFile; fileRef = D9FC930120CF664E00DB0CF6 /* Montserrat-Medium.ttf */; };
/* End PBXBuildFile section */

/* Begin PBXFileReference section */
		D967649420CE2F9C00676AE1 /* Joguito.app */ = {isa = PBXFileReference; explicitFileType = wrapper.application; includeInIndex = 0; path = Joguito.app; sourceTree = BUILT_PRODUCTS_DIR; };
		D967649720CE2F9C00676AE1 /* AppDelegate.swift */ = {isa = PBXFileReference; lastKnownFileType = sourcecode.swift; path = AppDelegate.swift; sourceTree = "<group>"; };
		D967649920CE2F9C00676AE1 /* ViewController.swift */ = {isa = PBXFileReference; lastKnownFileType = sourcecode.swift; path = ViewController.swift; sourceTree = "<group>"; };
		D967649C20CE2F9C00676AE1 /* Base */ = {isa = PBXFileReference; lastKnownFileType = file.storyboard; name = Base; path = Base.lproj/Main.storyboard; sourceTree = "<group>"; };
		D967649E20CE2F9D00676AE1 /* Assets.xcassets */ = {isa = PBXFileReference; lastKnownFileType = folder.assetcatalog; path = Assets.xcassets; sourceTree = "<group>"; };
		D96764A120CE2F9D00676AE1 /* Base */ = {isa = PBXFileReference; lastKnownFileType = file.storyboard; name = Base; path = Base.lproj/LaunchScreen.storyboard; sourceTree = "<group>"; };
		D96764A320CE2F9D00676AE1 /* Info.plist */ = {isa = PBXFileReference; lastKnownFileType = text.plist.xml; path = Info.plist; sourceTree = "<group>"; };
		D9FC92EE20CF21A800DB0CF6 /* Montserrat-Bold.ttf */ = {isa = PBXFileReference; lastKnownFileType = file; name = "Montserrat-Bold.ttf"; path = "../../../../../../Downloads/Montserrat/Montserrat-Bold.ttf"; sourceTree = "<group>"; };
		D9FC92EF20CF21A800DB0CF6 /* Montserrat-Regular.ttf */ = {isa = PBXFileReference; lastKnownFileType = file; name = "Montserrat-Regular.ttf"; path = "../../../../../../Downloads/Montserrat/Montserrat-Regular.ttf"; sourceTree = "<group>"; };
		D9FC92F220CF406A00DB0CF6 /* Montserrat-SemiBold.ttf */ = {isa = PBXFileReference; lastKnownFileType = file; name = "Montserrat-SemiBold.ttf"; path = "../../../../../../Downloads/Montserrat/Montserrat-SemiBold.ttf"; sourceTree = "<group>"; };
		D9FC92F420CF444400DB0CF6 /* VarelaRound-Regular.ttf */ = {isa = PBXFileReference; lastKnownFileType = file; name = "VarelaRound-Regular.ttf"; path = "../../../../../../Downloads/Varela_Round/VarelaRound-Regular.ttf"; sourceTree = "<group>"; };
		D9FC92F720CF47C400DB0CF6 /* RoundButton.swift */ = {isa = PBXFileReference; lastKnownFileType = sourcecode.swift; path = RoundButton.swift; sourceTree = "<group>"; };
		D9FC92FF20CF55E600DB0CF6 /* RoundTextField.swift */ = {isa = PBXFileReference; lastKnownFileType = sourcecode.swift; path = RoundTextField.swift; sourceTree = "<group>"; };
		D9FC930120CF664E00DB0CF6 /* Montserrat-Medium.ttf */ = {isa = PBXFileReference; lastKnownFileType = file; name = "Montserrat-Medium.ttf"; path = "../../../../../../Downloads/Montserrat/Montserrat-Medium.ttf"; sourceTree = "<group>"; };
/* End PBXFileReference section */

/* Begin PBXFrameworksBuildPhase section */
		D967649120CE2F9C00676AE1 /* Frameworks */ = {
			isa = PBXFrameworksBuildPhase;
			buildActionMask = 2147483647;
			files = (
			);
			runOnlyForDeploymentPostprocessing = 0;
		};
/* End PBXFrameworksBuildPhase section */

/* Begin PBXGroup section */
		D967648B20CE2F9C00676AE1 = {
			isa = PBXGroup;
			children = (
				D967649620CE2F9C00676AE1 /* Joguito */,
				D967649520CE2F9C00676AE1 /* Products */,
			);
			sourceTree = "<group>";
		};
		D967649520CE2F9C00676AE1 /* Products */ = {
			isa = PBXGroup;
			children = (
				D967649420CE2F9C00676AE1 /* Joguito.app */,
			);
			name = Products;
			sourceTree = "<group>";
		};
		D967649620CE2F9C00676AE1 /* Joguito */ = {
			isa = PBXGroup;
			children = (
				D9FC92F620CF479000DB0CF6 /* UI */,
				D9FC92ED20CF217500DB0CF6 /* Fonts */,
				D967649720CE2F9C00676AE1 /* AppDelegate.swift */,
				D967649920CE2F9C00676AE1 /* ViewController.swift */,
				D967649B20CE2F9C00676AE1 /* Main.storyboard */,
				D967649E20CE2F9D00676AE1 /* Assets.xcassets */,
				D96764A020CE2F9D00676AE1 /* LaunchScreen.storyboard */,
				D96764A320CE2F9D00676AE1 /* Info.plist */,
			);
			path = Joguito;
			sourceTree = "<group>";
		};
		D9FC92ED20CF217500DB0CF6 /* Fonts */ = {
			isa = PBXGroup;
			children = (
				D9FC930120CF664E00DB0CF6 /* Montserrat-Medium.ttf */,
				D9FC92F420CF444400DB0CF6 /* VarelaRound-Regular.ttf */,
				D9FC92F220CF406A00DB0CF6 /* Montserrat-SemiBold.ttf */,
				D9FC92EE20CF21A800DB0CF6 /* Montserrat-Bold.ttf */,
				D9FC92EF20CF21A800DB0CF6 /* Montserrat-Regular.ttf */,
			);
			path = Fonts;
			sourceTree = "<group>";
		};
		D9FC92F620CF479000DB0CF6 /* UI */ = {
			isa = PBXGroup;
			children = (
				D9FC92F720CF47C400DB0CF6 /* RoundButton.swift */,
				D9FC92FF20CF55E600DB0CF6 /* RoundTextField.swift */,
			);
			path = UI;
			sourceTree = "<group>";
		};
/* End PBXGroup section */

/* Begin PBXNativeTarget section */
		D967649320CE2F9C00676AE1 /* Joguito */ = {
			isa = PBXNativeTarget;
			buildConfigurationList = D96764A620CE2F9D00676AE1 /* Build configuration list for PBXNativeTarget "Joguito" */;
			buildPhases = (
				D967649020CE2F9C00676AE1 /* Sources */,
				D967649120CE2F9C00676AE1 /* Frameworks */,
				D967649220CE2F9C00676AE1 /* Resources */,
			);
			buildRules = (
			);
			dependencies = (
			);
			name = Joguito;
			productName = Joguito;
			productReference = D967649420CE2F9C00676AE1 /* Joguito.app */;
			productType = "com.apple.product-type.application";
		};
/* End PBXNativeTarget section */

/* Begin PBXProject section */
		D967648C20CE2F9C00676AE1 /* Project object */ = {
			isa = PBXProject;
			attributes = {
				LastSwiftUpdateCheck = 0940;
				LastUpgradeCheck = 0940;
				ORGANIZATIONNAME = Joguito;
				TargetAttributes = {
					D967649320CE2F9C00676AE1 = {
						CreatedOnToolsVersion = 9.4;
					};
				};
			};
			buildConfigurationList = D967648F20CE2F9C00676AE1 /* Build configuration list for PBXProject "Joguito" */;
			compatibilityVersion = "Xcode 9.3";
			developmentRegion = en;
			hasScannedForEncodings = 0;
			knownRegions = (
				en,
				Base,
			);
			mainGroup = D967648B20CE2F9C00676AE1;
			productRefGroup = D967649520CE2F9C00676AE1 /* Products */;
			projectDirPath = "";
			projectRoot = "";
			targets = (
				D967649320CE2F9C00676AE1 /* Joguito */,
			);
		};
/* End PBXProject section */

/* Begin PBXResourcesBuildPhase section */
		D967649220CE2F9C00676AE1 /* Resources */ = {
			isa = PBXResourcesBuildPhase;
			buildActionMask = 2147483647;
			files = (
				D9FC92F320CF406B00DB0CF6 /* Montserrat-SemiBold.ttf in Resources */,
				D9FC92F020CF21A800DB0CF6 /* Montserrat-Bold.ttf in Resources */,
				D96764A220CE2F9D00676AE1 /* LaunchScreen.storyboard in Resources */,
				D967649F20CE2F9D00676AE1 /* Assets.xcassets in Resources */,
				D9FC92F520CF444400DB0CF6 /* VarelaRound-Regular.ttf in Resources */,
				D9FC92F120CF21A800DB0CF6 /* Montserrat-Regular.ttf in Resources */,
				D9FC930220CF664E00DB0CF6 /* Montserrat-Medium.ttf in Resources */,
				D967649D20CE2F9C00676AE1 /* Main.storyboard in Resources */,
			);
			runOnlyForDeploymentPostprocessing = 0;
		};
/* End PBXResourcesBuildPhase section */

/* Begin PBXSourcesBuildPhase section */
		D967649020CE2F9C00676AE1 /* Sources */ = {
			isa = PBXSourcesBuildPhase;
			buildActionMask = 2147483647;
			files = (
				D9FC930020CF55E600DB0CF6 /* RoundTextField.swift in Sources */,
				D9FC92F820CF47C400DB0CF6 /* RoundButton.swift in Sources */,
				D967649A20CE2F9C00676AE1 /* ViewController.swift in Sources */,
				D967649820CE2F9C00676AE1 /* AppDelegate.swift in Sources */,
			);
			runOnlyForDeploymentPostprocessing = 0;
		};
/* End PBXSourcesBuildPhase section */

/* Begin PBXVariantGroup section */
		D967649B20CE2F9C00676AE1 /* Main.storyboard */ = {
			isa = PBXVariantGroup;
			children = (
				D967649C20CE2F9C00676AE1 /* Base */,
			);
			name = Main.storyboard;
			sourceTree = "<group>";
		};
		D96764A020CE2F9D00676AE1 /* LaunchScreen.storyboard */ = {
			isa = PBXVariantGroup;
			children = (
				D96764A120CE2F9D00676AE1 /* Base */,
			);
			name = LaunchScreen.storyboard;
			sourceTree = "<group>";
		};
/* End PBXVariantGroup section */

/* Begin XCBuildConfiguration section */
		D96764A420CE2F9D00676AE1 /* Debug */ = {
			isa = XCBuildConfiguration;
			buildSettings = {
				ALWAYS_SEARCH_USER_PATHS = NO;
				CLANG_ANALYZER_NONNULL = YES;
				CLANG_ANALYZER_NUMBER_OBJECT_CONVERSION = YES_AGGRESSIVE;
				CLANG_CXX_LANGUAGE_STANDARD = "gnu++14";
				CLANG_CXX_LIBRARY = "libc++";
				CLANG_ENABLE_MODULES = YES;
				CLANG_ENABLE_OBJC_ARC = YES;
				CLANG_ENABLE_OBJC_WEAK = YES;
				CLANG_WARN_BLOCK_CAPTURE_AUTORELEASING = YES;
				CLANG_WARN_BOOL_CONVERSION = YES;
				CLANG_WARN_COMMA = YES;
				CLANG_WARN_CONSTANT_CONVERSION = YES;
				CLANG_WARN_DEPRECATED_OBJC_IMPLEMENTATIONS = YES;
				CLANG_WARN_DIRECT_OBJC_ISA_USAGE = YES_ERROR;
				CLANG_WARN_DOCUMENTATION_COMMENTS = YES;
				CLANG_WARN_EMPTY_BODY = YES;
				CLANG_WARN_ENUM_CONVERSION = YES;
				CLANG_WARN_INFINITE_RECURSION = YES;
				CLANG_WARN_INT_CONVERSION = YES;
				CLANG_WARN_NON_LITERAL_NULL_CONVERSION = YES;
				CLANG_WARN_OBJC_IMPLICIT_RETAIN_SELF = YES;
				CLANG_WARN_OBJC_LITERAL_CONVERSION = YES;
				CLANG_WARN_OBJC_ROOT_CLASS = YES_ERROR;
				CLANG_WARN_RANGE_LOOP_ANALYSIS = YES;
				CLANG_WARN_STRICT_PROTOTYPES = YES;
				CLANG_WARN_SUSPICIOUS_MOVE = YES;
				CLANG_WARN_UNGUARDED_AVAILABILITY = YES_AGGRESSIVE;
				CLANG_WARN_UNREACHABLE_CODE = YES;
				CLANG_WARN__DUPLICATE_METHOD_MATCH = YES;
				CODE_SIGN_IDENTITY = "iPhone Developer";
				COPY_PHASE_STRIP = NO;
				DEBUG_INFORMATION_FORMAT = dwarf;
				ENABLE_STRICT_OBJC_MSGSEND = YES;
				ENABLE_TESTABILITY = YES;
				GCC_C_LANGUAGE_STANDARD = gnu11;
				GCC_DYNAMIC_NO_PIC = NO;
				GCC_NO_COMMON_BLOCKS = YES;
				GCC_OPTIMIZATION_LEVEL = 0;
				GCC_PREPROCESSOR_DEFINITIONS = (
					"DEBUG=1",
					"$(inherited)",
				);
				GCC_WARN_64_TO_32_BIT_CONVERSION = YES;
				GCC_WARN_ABOUT_RETURN_TYPE = YES_ERROR;
				GCC_WARN_UNDECLARED_SELECTOR = YES;
				GCC_WARN_UNINITIALIZED_AUTOS = YES_AGGRESSIVE;
				GCC_WARN_UNUSED_FUNCTION = YES;
				GCC_WARN_UNUSED_VARIABLE = YES;
				IPHONEOS_DEPLOYMENT_TARGET = 11.4;
				MTL_ENABLE_DEBUG_INFO = YES;
				ONLY_ACTIVE_ARCH = YES;
				SDKROOT = iphoneos;
				SWIFT_ACTIVE_COMPILATION_CONDITIONS = DEBUG;
				SWIFT_OPTIMIZATION_LEVEL = "-Onone";
			};
			name = Debug;
		};
		D96764A520CE2F9D00676AE1 /* Release */ = {
			isa = XCBuildConfiguration;
			buildSettings = {
				ALWAYS_SEARCH_USER_PATHS = NO;
				CLANG_ANALYZER_NONNULL = YES;
				CLANG_ANALYZER_NUMBER_OBJECT_CONVERSION = YES_AGGRESSIVE;
				CLANG_CXX_LANGUAGE_STANDARD = "gnu++14";
				CLANG_CXX_LIBRARY = "libc++";
				CLANG_ENABLE_MODULES = YES;
				CLANG_ENABLE_OBJC_ARC = YES;
				CLANG_ENABLE_OBJC_WEAK = YES;
				CLANG_WARN_BLOCK_CAPTURE_AUTORELEASING = YES;
				CLANG_WARN_BOOL_CONVERSION = YES;
				CLANG_WARN_COMMA = YES;
				CLANG_WARN_CONSTANT_CONVERSION = YES;
				CLANG_WARN_DEPRECATED_OBJC_IMPLEMENTATIONS = YES;
				CLANG_WARN_DIRECT_OBJC_ISA_USAGE = YES_ERROR;
				CLANG_WARN_DOCUMENTATION_COMMENTS = YES;
				CLANG_WARN_EMPTY_BODY = YES;
				CLANG_WARN_ENUM_CONVERSION = YES;
				CLANG_WARN_INFINITE_RECURSION = YES;
				CLANG_WARN_INT_CONVERSION = YES;
				CLANG_WARN_NON_LITERAL_NULL_CONVERSION = YES;
				CLANG_WARN_OBJC_IMPLICIT_RETAIN_SELF = YES;
				CLANG_WARN_OBJC_LITERAL_CONVERSION = YES;
				CLANG_WARN_OBJC_ROOT_CLASS = YES_ERROR;
				CLANG_WARN_RANGE_LOOP_ANALYSIS = YES;
				CLANG_WARN_STRICT_PROTOTYPES = YES;
				CLANG_WARN_SUSPICIOUS_MOVE = YES;
				CLANG_WARN_UNGUARDED_AVAILABILITY = YES_AGGRESSIVE;
				CLANG_WARN_UNREACHABLE_CODE = YES;
				CLANG_WARN__DUPLICATE_METHOD_MATCH = YES;
				CODE_SIGN_IDENTITY = "iPhone Developer";
				COPY_PHASE_STRIP = NO;
				DEBUG_INFORMATION_FORMAT = "dwarf-with-dsym";
				ENABLE_NS_ASSERTIONS = NO;
				ENABLE_STRICT_OBJC_MSGSEND = YES;
				GCC_C_LANGUAGE_STANDARD = gnu11;
				GCC_NO_COMMON_BLOCKS = YES;
				GCC_WARN_64_TO_32_BIT_CONVERSION = YES;
				GCC_WARN_ABOUT_RETURN_TYPE = YES_ERROR;
				GCC_WARN_UNDECLARED_SELECTOR = YES;
				GCC_WARN_UNINITIALIZED_AUTOS = YES_AGGRESSIVE;
				GCC_WARN_UNUSED_FUNCTION = YES;
				GCC_WARN_UNUSED_VARIABLE = YES;
				IPHONEOS_DEPLOYMENT_TARGET = 11.4;
				MTL_ENABLE_DEBUG_INFO = NO;
				SDKROOT = iphoneos;
				SWIFT_COMPILATION_MODE = wholemodule;
				SWIFT_OPTIMIZATION_LEVEL = "-O";
				VALIDATE_PRODUCT = YES;
			};
			name = Release;
		};
		D96764A720CE2F9D00676AE1 /* Debug */ = {
			isa = XCBuildConfiguration;
			buildSettings = {
				ASSETCATALOG_COMPILER_APPICON_NAME = AppIcon;
				CODE_SIGN_STYLE = Automatic;
				DEVELOPMENT_TEAM = Q278UMZH6M;
				INFOPLIST_FILE = Joguito/Info.plist;
				LD_RUNPATH_SEARCH_PATHS = (
					"$(inherited)",
					"@executable_path/Frameworks",
				);
				PRODUCT_BUNDLE_IDENTIFIER = com.joguito.Joguito;
				PRODUCT_NAME = "$(TARGET_NAME)";
				SWIFT_VERSION = 4.0;
				TARGETED_DEVICE_FAMILY = "1,2";
			};
			name = Debug;
		};
		D96764A820CE2F9D00676AE1 /* Release */ = {
			isa = XCBuildConfiguration;
			buildSettings = {
				ASSETCATALOG_COMPILER_APPICON_NAME = AppIcon;
				CODE_SIGN_STYLE = Automatic;
				DEVELOPMENT_TEAM = Q278UMZH6M;
				INFOPLIST_FILE = Joguito/Info.plist;
				LD_RUNPATH_SEARCH_PATHS = (
					"$(inherited)",
					"@executable_path/Frameworks",
				);
				PRODUCT_BUNDLE_IDENTIFIER = com.joguito.Joguito;
				PRODUCT_NAME = "$(TARGET_NAME)";
				SWIFT_VERSION = 4.0;
				TARGETED_DEVICE_FAMILY = "1,2";
			};
			name = Release;
		};
/* End XCBuildConfiguration section */

/* Begin XCConfigurationList section */
		D967648F20CE2F9C00676AE1 /* Build configuration list for PBXProject "Joguito" */ = {
			isa = XCConfigurationList;
			buildConfigurations = (
				D96764A420CE2F9D00676AE1 /* Debug */,
				D96764A520CE2F9D00676AE1 /* Release */,
			);
			defaultConfigurationIsVisible = 0;
			defaultConfigurationName = Release;
		};
		D96764A620CE2F9D00676AE1 /* Build configuration list for PBXNativeTarget "Joguito" */ = {
			isa = XCConfigurationList;
			buildConfigurations = (
				D96764A720CE2F9D00676AE1 /* Debug */,
				D96764A820CE2F9D00676AE1 /* Release */,
			);
			defaultConfigurationIsVisible = 0;
			defaultConfigurationName = Release;
		};
/* End XCConfigurationList section */
	};
	rootObject = D967648C20CE2F9C00676AE1 /* Project object */;
}
